
Microsoft Visual Studio Solution File, Format Version 12.00
# Visual Studio Version 17
VisualStudioVersion = 17.3.32922.545
MinimumVisualStudioVersion = 10.0.40219.1
Project("{FAE04EC0-301F-11D3-BF4B-00C04F79EFBC}") = "Compiler-", "Compiler-\Compiler-.csproj", "{ED68A24D-72A0-42BC-8A45-6FC0F2F9F451}"
EndProject
Global
	GlobalSection(SolutionConfigurationPlatforms) = preSolution
		Debug|Any CPU = Debug|Any CPU
		Release|Any CPU = Release|Any CPU
	EndGlobalSection
	GlobalSection(ProjectConfigurationPlatforms) = postSolution
		{ED68A24D-72A0-42BC-8A45-6FC0F2F9F451}.Debug|Any CPU.ActiveCfg = Debug|Any CPU
		{ED68A24D-72A0-42BC-8A45-6FC0F2F9F451}.Debug|Any CPU.Build.0 = Debug|Any CPU
		{ED68A24D-72A0-42BC-8A45-6FC0F2F9F451}.Release|Any CPU.ActiveCfg = Release|Any CPU
		{ED68A24D-72A0-42BC-8A45-6FC0F2F9F451}.Release|Any CPU.Build.0 = Release|Any CPU
	EndGlobalSection
	GlobalSection(SolutionProperties) = preSolution
		HideSolutionNode = FALSE
	EndGlobalSection
	GlobalSection(ExtensibilityGlobals) = postSolution
		SolutionGuid = {4D281E16-97B2-4AB8-A9DE-6AA74C416AC3}
	EndGlobalSection
EndGlobal
